
Microsoft Visual Studio Solution File, Format Version 12.00
# Visual Studio Version 16
VisualStudioVersion = 16.0.30002.166
MinimumVisualStudioVersion = 10.0.40219.1
Project("{FAE04EC0-301F-11D3-BF4B-00C04F79EFBC}") = "GuiadoDesdeInternet", "GuiadoDesdeInternet\GuiadoDesdeInternet.csproj", "{18907E7E-C21A-411F-B526-1443D1B6E8D3}"
EndProject
Global
	GlobalSection(SolutionConfigurationPlatforms) = preSolution
		Debug|Any CPU = Debug|Any CPU
		Release|Any CPU = Release|Any CPU
	EndGlobalSection
	GlobalSection(ProjectConfigurationPlatforms) = postSolution
		{18907E7E-C21A-411F-B526-1443D1B6E8D3}.Debug|Any CPU.ActiveCfg = Debug|Any CPU
		{18907E7E-C21A-411F-B526-1443D1B6E8D3}.Debug|Any CPU.Build.0 = Debug|Any CPU
		{18907E7E-C21A-411F-B526-1443D1B6E8D3}.Release|Any CPU.ActiveCfg = Release|Any CPU
		{18907E7E-C21A-411F-B526-1443D1B6E8D3}.Release|Any CPU.Build.0 = Release|Any CPU
	EndGlobalSection
	GlobalSection(SolutionProperties) = preSolution
		HideSolutionNode = FALSE
	EndGlobalSection
	GlobalSection(ExtensibilityGlobals) = postSolution
		SolutionGuid = {C2D3311B-9117-4ACC-892E-D44E43809586}
	EndGlobalSection
EndGlobal
